
Microsoft Visual Studio Solution File, Format Version 12.00
# Visual Studio Version 17
VisualStudioVersion = 17.5.002.0
MinimumVisualStudioVersion = 10.0.40219.1
Project("{9A19103F-16F7-4668-BE54-9A1E7A4F7556}") = "BigIntMultiplicationApp", "BigIntMultiplicationApp.csproj", "{FD5EBA21-851A-4556-9FE3-6B04F45AB5A7}"
EndProject
Global
	GlobalSection(SolutionConfigurationPlatforms) = preSolution
		Debug|Any CPU = Debug|Any CPU
		Release|Any CPU = Release|Any CPU
	EndGlobalSection
	GlobalSection(ProjectConfigurationPlatforms) = postSolution
		{FD5EBA21-851A-4556-9FE3-6B04F45AB5A7}.Debug|Any CPU.ActiveCfg = Debug|Any CPU
		{FD5EBA21-851A-4556-9FE3-6B04F45AB5A7}.Debug|Any CPU.Build.0 = Debug|Any CPU
		{FD5EBA21-851A-4556-9FE3-6B04F45AB5A7}.Release|Any CPU.ActiveCfg = Release|Any CPU
		{FD5EBA21-851A-4556-9FE3-6B04F45AB5A7}.Release|Any CPU.Build.0 = Release|Any CPU
	EndGlobalSection
	GlobalSection(SolutionProperties) = preSolution
		HideSolutionNode = FALSE
	EndGlobalSection
	GlobalSection(ExtensibilityGlobals) = postSolution
		SolutionGuid = {FA1286A5-6321-44E5-9711-6EA4AA5FAB4B}
	EndGlobalSection
EndGlobal
